# This file was autogenerated by Stack.
# You should not edit this file by hand.
# For more information, please see the documentation at:
#   https://docs.haskellstack.org/en/stable/lock_files

packages:
- completed:
    hackage: yamlparse-applicative-0.1.0.2@sha256:bda91f2818c1b5b124963931cb7f9a4e5758d026c09713e9ae2234534062747d,2133
    pantry-tree:
      size: 799
      sha256: d7f9dc8e45e6c100a902f0595e6090169705d9451793ef1cb896237334a1b529
  original:
    hackage: yamlparse-applicative-0.1.0.2@sha256:bda91f2818c1b5b124963931cb7f9a4e5758d026c09713e9ae2234534062747d,2133
snapshots:
- completed:
    size: 532377
    url: https://raw.githubusercontent.com/commercialhaskell/stackage-snapshots/master/lts/16/12.yaml
    sha256: f914cfa23fef85bdf895e300a8234d9d0edc2dbec67f4bc9c53f85867c50eab6
  original: lts-16.12
